// !$*UTF8*$!
{
	archiveVersion = 1;
	classes = {
	};
	objectVersion = 50;
	objects = {

/* Begin PBXBuildFile section */
		BE29DC38255D3627009CA02A /* kanaFix.swift in Sources */ = {isa = PBXBuildFile; fileRef = BE29DC34255D3627009CA02A /* kanaFix.swift */; };
		BE29DC39255D3627009CA02A /* String+Utilities.swift in Sources */ = {isa = PBXBuildFile; fileRef = BE29DC35255D3627009CA02A /* String+Utilities.swift */; };
		BE29DC3A255D3627009CA02A /* utilities.swift in Sources */ = {isa = PBXBuildFile; fileRef = BE29DC36255D3627009CA02A /* utilities.swift */; };
		BE29DC3B255D3627009CA02A /* CalculateScore.swift in Sources */ = {isa = PBXBuildFile; fileRef = BE29DC37255D3627009CA02A /* CalculateScore.swift */; };
		BE29DC3E255D369C009CA02A /* Score.swift in Sources */ = {isa = PBXBuildFile; fileRef = BE29DC3D255D369C009CA02A /* Score.swift */; };
		BE7F8BDA25625AD5008AE195 /* DifficultyCalculator.swift in Sources */ = {isa = PBXBuildFile; fileRef = BE7F8BD925625AD5008AE195 /* DifficultyCalculator.swift */; };
		BE7F8BDD25625AF5008AE195 /* String+Variations.swift in Sources */ = {isa = PBXBuildFile; fileRef = BE7F8BDC25625AF5008AE195 /* String+Variations.swift */; };
		BEBCDDF6255D317000C5485B /* main.swift in Sources */ = {isa = PBXBuildFile; fileRef = BEBCDDF5255D317000C5485B /* main.swift */; };
		BEE2B9802564E8F300B1C287 /* FuriganaUtils.swift in Sources */ = {isa = PBXBuildFile; fileRef = BEE2B97F2564E8F300B1C287 /* FuriganaUtils.swift */; };
		BEE2B9902565190500B1C287 /* grammarN4.swift in Sources */ = {isa = PBXBuildFile; fileRef = BEE2B9832565190400B1C287 /* grammarN4.swift */; };
		BEE2B9912565190500B1C287 /* polite.swift in Sources */ = {isa = PBXBuildFile; fileRef = BEE2B9842565190400B1C287 /* polite.swift */; };
		BEE2B9922565190500B1C287 /* grammarN5.swift in Sources */ = {isa = PBXBuildFile; fileRef = BEE2B9852565190400B1C287 /* grammarN5.swift */; };
		BEE2B9932565190500B1C287 /* love.swift in Sources */ = {isa = PBXBuildFile; fileRef = BEE2B9862565190400B1C287 /* love.swift */; };
		BEE2B9942565190500B1C287 /* daily.swift in Sources */ = {isa = PBXBuildFile; fileRef = BEE2B9872565190400B1C287 /* daily.swift */; };
		BEE2B9952565190500B1C287 /* vocabulary1.swift in Sources */ = {isa = PBXBuildFile; fileRef = BEE2B9882565190400B1C287 /* vocabulary1.swift */; };
		BEE2B9962565190500B1C287 /* speech.swift in Sources */ = {isa = PBXBuildFile; fileRef = BEE2B9892565190400B1C287 /* speech.swift */; };
		BEE2B9972565190500B1C287 /* rawDataSets.swift in Sources */ = {isa = PBXBuildFile; fileRef = BEE2B98A2565190400B1C287 /* rawDataSets.swift */; };
		BEE2B9982565190500B1C287 /* expressive.swift in Sources */ = {isa = PBXBuildFile; fileRef = BEE2B98B2565190400B1C287 /* expressive.swift */; };
		BEE2B9992565190500B1C287 /* vocabulary2.swift in Sources */ = {isa = PBXBuildFile; fileRef = BEE2B98C2565190400B1C287 /* vocabulary2.swift */; };
		BEE2B99A2565190500B1C287 /* travel.swift in Sources */ = {isa = PBXBuildFile; fileRef = BEE2B98D2565190400B1C287 /* travel.swift */; };
		BEE2B99B2565190500B1C287 /* quote.swift in Sources */ = {isa = PBXBuildFile; fileRef = BEE2B98E2565190500B1C287 /* quote.swift */; };
		E13108BE3777FB8956A7140E /* Pods_preprocess.framework in Frameworks */ = {isa = PBXBuildFile; fileRef = 80AAEAFB80ACF963061E245E /* Pods_preprocess.framework */; };
/* End PBXBuildFile section */

/* Begin PBXCopyFilesBuildPhase section */
		BEBCDDF0255D317000C5485B /* CopyFiles */ = {
			isa = PBXCopyFilesBuildPhase;
			buildActionMask = 2147483647;
			dstPath = /usr/share/man/man1/;
			dstSubfolderSpec = 0;
			files = (
			);
			runOnlyForDeploymentPostprocessing = 1;
		};
/* End PBXCopyFilesBuildPhase section */

/* Begin PBXFileReference section */
		1392F173E9D61163A27317CF /* Pods-preprocess.release.xcconfig */ = {isa = PBXFileReference; includeInIndex = 1; lastKnownFileType = text.xcconfig; name = "Pods-preprocess.release.xcconfig"; path = "Target Support Files/Pods-preprocess/Pods-preprocess.release.xcconfig"; sourceTree = "<group>"; };
		80AAEAFB80ACF963061E245E /* Pods_preprocess.framework */ = {isa = PBXFileReference; explicitFileType = wrapper.framework; includeInIndex = 0; path = Pods_preprocess.framework; sourceTree = BUILT_PRODUCTS_DIR; };
		BB635DC1B52E1DAE56EC61BD /* Pods-preprocess.debug.xcconfig */ = {isa = PBXFileReference; includeInIndex = 1; lastKnownFileType = text.xcconfig; name = "Pods-preprocess.debug.xcconfig"; path = "Target Support Files/Pods-preprocess/Pods-preprocess.debug.xcconfig"; sourceTree = "<group>"; };
		BE29DC34255D3627009CA02A /* kanaFix.swift */ = {isa = PBXFileReference; lastKnownFileType = sourcecode.swift; name = kanaFix.swift; path = ../Utilities/kanaFix.swift; sourceTree = "<group>"; };
		BE29DC35255D3627009CA02A /* String+Utilities.swift */ = {isa = PBXFileReference; lastKnownFileType = sourcecode.swift; name = "String+Utilities.swift"; path = "../Utilities/String+Utilities.swift"; sourceTree = "<group>"; };
		BE29DC36255D3627009CA02A /* utilities.swift */ = {isa = PBXFileReference; lastKnownFileType = sourcecode.swift; name = utilities.swift; path = ../Utilities/utilities.swift; sourceTree = "<group>"; };
		BE29DC37255D3627009CA02A /* CalculateScore.swift */ = {isa = PBXFileReference; lastKnownFileType = sourcecode.swift; name = CalculateScore.swift; path = ../Utilities/CalculateScore.swift; sourceTree = "<group>"; };
		BE29DC3D255D369C009CA02A /* Score.swift */ = {isa = PBXFileReference; lastKnownFileType = sourcecode.swift; name = Score.swift; path = ../Model/Score.swift; sourceTree = "<group>"; };
		BE7F8BD925625AD5008AE195 /* DifficultyCalculator.swift */ = {isa = PBXFileReference; lastKnownFileType = sourcecode.swift; name = DifficultyCalculator.swift; path = ../../preprocess/difficultyCalculator/processVOC/processVOC/DifficultyCalculator.swift; sourceTree = "<group>"; };
		BE7F8BDC25625AF5008AE195 /* String+Variations.swift */ = {isa = PBXFileReference; lastKnownFileType = sourcecode.swift; name = "String+Variations.swift"; path = "../../preprocess/difficultyCalculator/processVOC/processVOC/String+Variations.swift"; sourceTree = "<group>"; };
		BEBCDDF2255D317000C5485B /* preprocess */ = {isa = PBXFileReference; explicitFileType = "compiled.mach-o.executable"; includeInIndex = 0; path = preprocess; sourceTree = BUILT_PRODUCTS_DIR; };
		BEBCDDF5255D317000C5485B /* main.swift */ = {isa = PBXFileReference; lastKnownFileType = sourcecode.swift; path = main.swift; sourceTree = "<group>"; };
		BEE2B97F2564E8F300B1C287 /* FuriganaUtils.swift */ = {isa = PBXFileReference; lastKnownFileType = sourcecode.swift; name = FuriganaUtils.swift; path = ../Utilities/FuriganaUtils.swift; sourceTree = "<group>"; };
		BEE2B9832565190400B1C287 /* grammarN4.swift */ = {isa = PBXFileReference; lastKnownFileType = sourcecode.swift; name = grammarN4.swift; path = ../Sentences/grammarN4.swift; sourceTree = "<group>"; };
		BEE2B9842565190400B1C287 /* polite.swift */ = {isa = PBXFileReference; lastKnownFileType = sourcecode.swift; name = polite.swift; path = ../Sentences/polite.swift; sourceTree = "<group>"; };
		BEE2B9852565190400B1C287 /* grammarN5.swift */ = {isa = PBXFileReference; lastKnownFileType = sourcecode.swift; name = grammarN5.swift; path = ../Sentences/grammarN5.swift; sourceTree = "<group>"; };
		BEE2B9862565190400B1C287 /* love.swift */ = {isa = PBXFileReference; lastKnownFileType = sourcecode.swift; name = love.swift; path = ../Sentences/love.swift; sourceTree = "<group>"; };
		BEE2B9872565190400B1C287 /* daily.swift */ = {isa = PBXFileReference; lastKnownFileType = sourcecode.swift; name = daily.swift; path = ../Sentences/daily.swift; sourceTree = "<group>"; };
		BEE2B9882565190400B1C287 /* vocabulary1.swift */ = {isa = PBXFileReference; lastKnownFileType = sourcecode.swift; name = vocabulary1.swift; path = ../Sentences/vocabulary1.swift; sourceTree = "<group>"; };
		BEE2B9892565190400B1C287 /* speech.swift */ = {isa = PBXFileReference; lastKnownFileType = sourcecode.swift; name = speech.swift; path = ../Sentences/speech.swift; sourceTree = "<group>"; };
		BEE2B98A2565190400B1C287 /* rawDataSets.swift */ = {isa = PBXFileReference; lastKnownFileType = sourcecode.swift; name = rawDataSets.swift; path = ../Sentences/rawDataSets.swift; sourceTree = "<group>"; };
		BEE2B98B2565190400B1C287 /* expressive.swift */ = {isa = PBXFileReference; lastKnownFileType = sourcecode.swift; name = expressive.swift; path = ../Sentences/expressive.swift; sourceTree = "<group>"; };
		BEE2B98C2565190400B1C287 /* vocabulary2.swift */ = {isa = PBXFileReference; lastKnownFileType = sourcecode.swift; name = vocabulary2.swift; path = ../Sentences/vocabulary2.swift; sourceTree = "<group>"; };
		BEE2B98D2565190400B1C287 /* travel.swift */ = {isa = PBXFileReference; lastKnownFileType = sourcecode.swift; name = travel.swift; path = ../Sentences/travel.swift; sourceTree = "<group>"; };
		BEE2B98E2565190500B1C287 /* quote.swift */ = {isa = PBXFileReference; lastKnownFileType = sourcecode.swift; name = quote.swift; path = ../Sentences/quote.swift; sourceTree = "<group>"; };
		BEE2B98F2565190500B1C287 /* dataSets.swift */ = {isa = PBXFileReference; lastKnownFileType = sourcecode.swift; name = dataSets.swift; path = ../Sentences/dataSets.swift; sourceTree = "<group>"; };
/* End PBXFileReference section */

/* Begin PBXFrameworksBuildPhase section */
		BEBCDDEF255D317000C5485B /* Frameworks */ = {
			isa = PBXFrameworksBuildPhase;
			buildActionMask = 2147483647;
			files = (
				E13108BE3777FB8956A7140E /* Pods_preprocess.framework in Frameworks */,
			);
			runOnlyForDeploymentPostprocessing = 0;
		};
/* End PBXFrameworksBuildPhase section */

/* Begin PBXGroup section */
		02CBB5B9E61514194F1B3212 /* Frameworks */ = {
			isa = PBXGroup;
			children = (
				80AAEAFB80ACF963061E245E /* Pods_preprocess.framework */,
			);
			name = Frameworks;
			sourceTree = "<group>";
		};
		5C5B276B4859480E319D6F88 /* Pods */ = {
			isa = PBXGroup;
			children = (
				BB635DC1B52E1DAE56EC61BD /* Pods-preprocess.debug.xcconfig */,
				1392F173E9D61163A27317CF /* Pods-preprocess.release.xcconfig */,
			);
			name = Pods;
			path = ../Pods;
			sourceTree = "<group>";
		};
		BEBCDDE9255D317000C5485B = {
			isa = PBXGroup;
			children = (
				BEE2B982256518E400B1C287 /* sentences */,
				BEE2B97F2564E8F300B1C287 /* FuriganaUtils.swift */,
				BE7F8BDC25625AF5008AE195 /* String+Variations.swift */,
				BE7F8BD925625AD5008AE195 /* DifficultyCalculator.swift */,
				BE29DC3D255D369C009CA02A /* Score.swift */,
				BE29DC37255D3627009CA02A /* CalculateScore.swift */,
				BE29DC34255D3627009CA02A /* kanaFix.swift */,
				BE29DC35255D3627009CA02A /* String+Utilities.swift */,
				BE29DC36255D3627009CA02A /* utilities.swift */,
				BEBCDDF4255D317000C5485B /* preprocess */,
				BEBCDDF3255D317000C5485B /* Products */,
				5C5B276B4859480E319D6F88 /* Pods */,
				02CBB5B9E61514194F1B3212 /* Frameworks */,
			);
			sourceTree = "<group>";
		};
		BEBCDDF3255D317000C5485B /* Products */ = {
			isa = PBXGroup;
			children = (
				BEBCDDF2255D317000C5485B /* preprocess */,
			);
			name = Products;
			sourceTree = "<group>";
		};
		BEBCDDF4255D317000C5485B /* preprocess */ = {
			isa = PBXGroup;
			children = (
				BEBCDDF5255D317000C5485B /* main.swift */,
			);
			path = preprocess;
			sourceTree = "<group>";
		};
		BEE2B982256518E400B1C287 /* sentences */ = {
			isa = PBXGroup;
			children = (
				BEE2B9872565190400B1C287 /* daily.swift */,
				BEE2B98F2565190500B1C287 /* dataSets.swift */,
				BEE2B98B2565190400B1C287 /* expressive.swift */,
				BEE2B9832565190400B1C287 /* grammarN4.swift */,
				BEE2B9852565190400B1C287 /* grammarN5.swift */,
				BEE2B9862565190400B1C287 /* love.swift */,
				BEE2B9842565190400B1C287 /* polite.swift */,
				BEE2B98E2565190500B1C287 /* quote.swift */,
				BEE2B98A2565190400B1C287 /* rawDataSets.swift */,
				BEE2B9892565190400B1C287 /* speech.swift */,
				BEE2B98D2565190400B1C287 /* travel.swift */,
				BEE2B9882565190400B1C287 /* vocabulary1.swift */,
				BEE2B98C2565190400B1C287 /* vocabulary2.swift */,
			);
			name = sentences;
			sourceTree = "<group>";
		};
/* End PBXGroup section */

/* Begin PBXNativeTarget section */
		BEBCDDF1255D317000C5485B /* preprocess */ = {
			isa = PBXNativeTarget;
			buildConfigurationList = BEBCDDF9255D317000C5485B /* Build configuration list for PBXNativeTarget "preprocess" */;
			buildPhases = (
				1FB006CE9504A9B0B3DAA528 /* [CP] Check Pods Manifest.lock */,
				BEBCDDEE255D317000C5485B /* Sources */,
				BEBCDDEF255D317000C5485B /* Frameworks */,
				BEBCDDF0255D317000C5485B /* CopyFiles */,
				BE29DC63255D3C82009CA02A /* ShellScript */,
			);
			buildRules = (
			);
			dependencies = (
			);
			name = preprocess;
			productName = SentenceTests;
			productReference = BEBCDDF2255D317000C5485B /* preprocess */;
			productType = "com.apple.product-type.tool";
		};
/* End PBXNativeTarget section */

/* Begin PBXProject section */
		BEBCDDEA255D317000C5485B /* Project object */ = {
			isa = PBXProject;
			attributes = {
				LastSwiftUpdateCheck = 1210;
				LastUpgradeCheck = 1220;
				TargetAttributes = {
					BEBCDDF1255D317000C5485B = {
						CreatedOnToolsVersion = 12.1;
					};
				};
			};
			buildConfigurationList = BEBCDDED255D317000C5485B /* Build configuration list for PBXProject "preprocess" */;
			compatibilityVersion = "Xcode 9.3";
			developmentRegion = en;
			hasScannedForEncodings = 0;
			knownRegions = (
				en,
				Base,
			);
			mainGroup = BEBCDDE9255D317000C5485B;
			productRefGroup = BEBCDDF3255D317000C5485B /* Products */;
			projectDirPath = "";
			projectRoot = "";
			targets = (
				BEBCDDF1255D317000C5485B /* preprocess */,
			);
		};
/* End PBXProject section */

/* Begin PBXShellScriptBuildPhase section */
		1FB006CE9504A9B0B3DAA528 /* [CP] Check Pods Manifest.lock */ = {
			isa = PBXShellScriptBuildPhase;
			buildActionMask = 2147483647;
			files = (
			);
			inputFileListPaths = (
			);
			inputPaths = (
				"${PODS_PODFILE_DIR_PATH}/Podfile.lock",
				"${PODS_ROOT}/Manifest.lock",
			);
			name = "[CP] Check Pods Manifest.lock";
			outputFileListPaths = (
			);
			outputPaths = (
				"$(DERIVED_FILE_DIR)/Pods-preprocess-checkManifestLockResult.txt",
			);
			runOnlyForDeploymentPostprocessing = 0;
			shellPath = /bin/sh;
			shellScript = "diff \"${PODS_PODFILE_DIR_PATH}/Podfile.lock\" \"${PODS_ROOT}/Manifest.lock\" > /dev/null\nif [ $? != 0 ] ; then\n    # print error to STDERR\n    echo \"error: The sandbox is not in sync with the Podfile.lock. Run 'pod install' or update your CocoaPods installation.\" >&2\n    exit 1\nfi\n# This output is used by Xcode 'outputs' to avoid re-running this script phase.\necho \"SUCCESS\" > \"${SCRIPT_OUTPUT_FILE_0}\"\n";
			showEnvVarsInLog = 0;
		};
		BE29DC63255D3C82009CA02A /* ShellScript */ = {
			isa = PBXShellScriptBuildPhase;
			buildActionMask = 2147483647;
			files = (
			);
			inputFileListPaths = (
			);
			inputPaths = (
			);
			outputFileListPaths = (
			);
			outputPaths = (
			);
			runOnlyForDeploymentPostprocessing = 0;
			shellPath = /bin/sh;
			shellScript = "
";
		};
/* End PBXShellScriptBuildPhase section */

/* Begin PBXSourcesBuildPhase section */
		BEBCDDEE255D317000C5485B /* Sources */ = {
			isa = PBXSourcesBuildPhase;
			buildActionMask = 2147483647;
			files = (
				BEE2B9902565190500B1C287 /* grammarN4.swift in Sources */,
				BEE2B9912565190500B1C287 /* polite.swift in Sources */,
				BEE2B9922565190500B1C287 /* grammarN5.swift in Sources */,
				BEE2B9932565190500B1C287 /* love.swift in Sources */,
				BEE2B9942565190500B1C287 /* daily.swift in Sources */,
				BEE2B9952565190500B1C287 /* vocabulary1.swift in Sources */,
				BEE2B9962565190500B1C287 /* speech.swift in Sources */,
				BEE2B9972565190500B1C287 /* rawDataSets.swift in Sources */,
				BEE2B9982565190500B1C287 /* expressive.swift in Sources */,
				BEE2B9992565190500B1C287 /* vocabulary2.swift in Sources */,
				BEE2B99A2565190500B1C287 /* travel.swift in Sources */,
				BEE2B99B2565190500B1C287 /* quote.swift in Sources */,
				BEE2B9802564E8F300B1C287 /* FuriganaUtils.swift in Sources */,
				BE7F8BDD25625AF5008AE195 /* String+Variations.swift in Sources */,
				BE7F8BDA25625AD5008AE195 /* DifficultyCalculator.swift in Sources */,
				BE29DC3E255D369C009CA02A /* Score.swift in Sources */,
				BE29DC38255D3627009CA02A /* kanaFix.swift in Sources */,
				BE29DC39255D3627009CA02A /* String+Utilities.swift in Sources */,
				BE29DC3A255D3627009CA02A /* utilities.swift in Sources */,
				BE29DC3B255D3627009CA02A /* CalculateScore.swift in Sources */,
				BEBCDDF6255D317000C5485B /* main.swift in Sources */,
			);
			runOnlyForDeploymentPostprocessing = 0;
		};
/* End PBXSourcesBuildPhase section */

/* Begin XCBuildConfiguration section */
		BEBCDDF7255D317000C5485B /* Debug */ = {
			isa = XCBuildConfiguration;
			buildSettings = {
				ALWAYS_SEARCH_USER_PATHS = NO;
				CLANG_ANALYZER_NONNULL = YES;
				CLANG_ANALYZER_NUMBER_OBJECT_CONVERSION = YES_AGGRESSIVE;
				CLANG_CXX_LANGUAGE_STANDARD = "gnu++14";
				CLANG_CXX_LIBRARY = "libc++";
				CLANG_ENABLE_MODULES = YES;
				CLANG_ENABLE_OBJC_ARC = YES;
				CLANG_ENABLE_OBJC_WEAK = YES;
				CLANG_WARN_BLOCK_CAPTURE_AUTORELEASING = YES;
				CLANG_WARN_BOOL_CONVERSION = YES;
				CLANG_WARN_COMMA = YES;
				CLANG_WARN_CONSTANT_CONVERSION = YES;
				CLANG_WARN_DEPRECATED_OBJC_IMPLEMENTATIONS = YES;
				CLANG_WARN_DIRECT_OBJC_ISA_USAGE = YES_ERROR;
				CLANG_WARN_DOCUMENTATION_COMMENTS = YES;
				CLANG_WARN_EMPTY_BODY = YES;
				CLANG_WARN_ENUM_CONVERSION = YES;
				CLANG_WARN_INFINITE_RECURSION = YES;
				CLANG_WARN_INT_CONVERSION = YES;
				CLANG_WARN_NON_LITERAL_NULL_CONVERSION = YES;
				CLANG_WARN_OBJC_IMPLICIT_RETAIN_SELF = YES;
				CLANG_WARN_OBJC_LITERAL_CONVERSION = YES;
				CLANG_WARN_OBJC_ROOT_CLASS = YES_ERROR;
				CLANG_WARN_QUOTED_INCLUDE_IN_FRAMEWORK_HEADER = YES;
				CLANG_WARN_RANGE_LOOP_ANALYSIS = YES;
				CLANG_WARN_STRICT_PROTOTYPES = YES;
				CLANG_WARN_SUSPICIOUS_MOVE = YES;
				CLANG_WARN_UNGUARDED_AVAILABILITY = YES_AGGRESSIVE;
				CLANG_WARN_UNREACHABLE_CODE = YES;
				CLANG_WARN__DUPLICATE_METHOD_MATCH = YES;
				COPY_PHASE_STRIP = NO;
				DEBUG_INFORMATION_FORMAT = dwarf;
				ENABLE_STRICT_OBJC_MSGSEND = YES;
				ENABLE_TESTABILITY = YES;
				GCC_C_LANGUAGE_STANDARD = gnu11;
				GCC_DYNAMIC_NO_PIC = NO;
				GCC_NO_COMMON_BLOCKS = YES;
				GCC_OPTIMIZATION_LEVEL = 0;
				GCC_PREPROCESSOR_DEFINITIONS = (
					"DEBUG=1",
					"$(inherited)",
				);
				GCC_WARN_64_TO_32_BIT_CONVERSION = YES;
				GCC_WARN_ABOUT_RETURN_TYPE = YES_ERROR;
				GCC_WARN_UNDECLARED_SELECTOR = YES;
				GCC_WARN_UNINITIALIZED_AUTOS = YES_AGGRESSIVE;
				GCC_WARN_UNUSED_FUNCTION = YES;
				GCC_WARN_UNUSED_VARIABLE = YES;
				MACOSX_DEPLOYMENT_TARGET = 10.15;
				MTL_ENABLE_DEBUG_INFO = INCLUDE_SOURCE;
				MTL_FAST_MATH = YES;
				ONLY_ACTIVE_ARCH = YES;
				SDKROOT = macosx;
				SWIFT_ACTIVE_COMPILATION_CONDITIONS = DEBUG;
				SWIFT_OPTIMIZATION_LEVEL = "-Onone";
			};
			name = Debug;
		};
		BEBCDDF8255D317000C5485B /* Release */ = {
			isa = XCBuildConfiguration;
			buildSettings = {
				ALWAYS_SEARCH_USER_PATHS = NO;
				CLANG_ANALYZER_NONNULL = YES;
				CLANG_ANALYZER_NUMBER_OBJECT_CONVERSION = YES_AGGRESSIVE;
				CLANG_CXX_LANGUAGE_STANDARD = "gnu++14";
				CLANG_CXX_LIBRARY = "libc++";
				CLANG_ENABLE_MODULES = YES;
				CLANG_ENABLE_OBJC_ARC = YES;
				CLANG_ENABLE_OBJC_WEAK = YES;
				CLANG_WARN_BLOCK_CAPTURE_AUTORELEASING = YES;
				CLANG_WARN_BOOL_CONVERSION = YES;
				CLANG_WARN_COMMA = YES;
				CLANG_WARN_CONSTANT_CONVERSION = YES;
				CLANG_WARN_DEPRECATED_OBJC_IMPLEMENTATIONS = YES;
				CLANG_WARN_DIRECT_OBJC_ISA_USAGE = YES_ERROR;
				CLANG_WARN_DOCUMENTATION_COMMENTS = YES;
				CLANG_WARN_EMPTY_BODY = YES;
				CLANG_WARN_ENUM_CONVERSION = YES;
				CLANG_WARN_INFINITE_RECURSION = YES;
				CLANG_WARN_INT_CONVERSION = YES;
				CLANG_WARN_NON_LITERAL_NULL_CONVERSION = YES;
				CLANG_WARN_OBJC_IMPLICIT_RETAIN_SELF = YES;
				CLANG_WARN_OBJC_LITERAL_CONVERSION = YES;
				CLANG_WARN_OBJC_ROOT_CLASS = YES_ERROR;
				CLANG_WARN_QUOTED_INCLUDE_IN_FRAMEWORK_HEADER = YES;
				CLANG_WARN_RANGE_LOOP_ANALYSIS = YES;
				CLANG_WARN_STRICT_PROTOTYPES = YES;
				CLANG_WARN_SUSPICIOUS_MOVE = YES;
				CLANG_WARN_UNGUARDED_AVAILABILITY = YES_AGGRESSIVE;
				CLANG_WARN_UNREACHABLE_CODE = YES;
				CLANG_WARN__DUPLICATE_METHOD_MATCH = YES;
				COPY_PHASE_STRIP = NO;
				DEBUG_INFORMATION_FORMAT = "dwarf-with-dsym";
				ENABLE_NS_ASSERTIONS = NO;
				ENABLE_STRICT_OBJC_MSGSEND = YES;
				GCC_C_LANGUAGE_STANDARD = gnu11;
				GCC_NO_COMMON_BLOCKS = YES;
				GCC_WARN_64_TO_32_BIT_CONVERSION = YES;
				GCC_WARN_ABOUT_RETURN_TYPE = YES_ERROR;
				GCC_WARN_UNDECLARED_SELECTOR = YES;
				GCC_WARN_UNINITIALIZED_AUTOS = YES_AGGRESSIVE;
				GCC_WARN_UNUSED_FUNCTION = YES;
				GCC_WARN_UNUSED_VARIABLE = YES;
				MACOSX_DEPLOYMENT_TARGET = 10.15;
				MTL_ENABLE_DEBUG_INFO = NO;
				MTL_FAST_MATH = YES;
				SDKROOT = macosx;
				SWIFT_COMPILATION_MODE = wholemodule;
				SWIFT_OPTIMIZATION_LEVEL = "-O";
			};
			name = Release;
		};
		BEBCDDFA255D317000C5485B /* Debug */ = {
			isa = XCBuildConfiguration;
			baseConfigurationReference = BB635DC1B52E1DAE56EC61BD /* Pods-preprocess.debug.xcconfig */;
			buildSettings = {
				CODE_SIGN_STYLE = Automatic;
				DEVELOPMENT_TEAM = ETE87474CU;
				ENABLE_HARDENED_RUNTIME = YES;
				LD_RUNPATH_SEARCH_PATHS = (
					"$(inherited)",
					"'@executable_path/../Frameworks'",
					"'@loader_path/Frameworks'",
				);
				PRODUCT_NAME = "$(TARGET_NAME)";
				SWIFT_VERSION = 5.0;
			};
			name = Debug;
		};
		BEBCDDFB255D317000C5485B /* Release */ = {
			isa = XCBuildConfiguration;
			baseConfigurationReference = 1392F173E9D61163A27317CF /* Pods-preprocess.release.xcconfig */;
			buildSettings = {
				CODE_SIGN_STYLE = Automatic;
				DEVELOPMENT_TEAM = ETE87474CU;
				ENABLE_HARDENED_RUNTIME = YES;
				LD_RUNPATH_SEARCH_PATHS = (
					"$(inherited)",
					"'@executable_path/../Frameworks'",
					"'@loader_path/Frameworks'",
				);
				PRODUCT_NAME = "$(TARGET_NAME)";
				SWIFT_VERSION = 5.0;
			};
			name = Release;
		};
/* End XCBuildConfiguration section */

/* Begin XCConfigurationList section */
		BEBCDDED255D317000C5485B /* Build configuration list for PBXProject "preprocess" */ = {
			isa = XCConfigurationList;
			buildConfigurations = (
				BEBCDDF7255D317000C5485B /* Debug */,
				BEBCDDF8255D317000C5485B /* Release */,
			);
			defaultConfigurationIsVisible = 0;
			defaultConfigurationName = Release;
		};
		BEBCDDF9255D317000C5485B /* Build configuration list for PBXNativeTarget "preprocess" */ = {
			isa = XCConfigurationList;
			buildConfigurations = (
				BEBCDDFA255D317000C5485B /* Debug */,
				BEBCDDFB255D317000C5485B /* Release */,
			);
			defaultConfigurationIsVisible = 0;
			defaultConfigurationName = Release;
		};
/* End XCConfigurationList section */
	};
	rootObject = BEBCDDEA255D317000C5485B /* Project object */;
}
