// !$*UTF8*$!
{
	archiveVersion = 1;
	classes = {
	};
	objectVersion = 50;
	objects = {

/* Begin PBXBuildFile section */
		BE2533DC2083204200CAF7B7 /* drumLoop.caf in Resources */ = {isa = PBXBuildFile; fileRef = BE2533DB2083204200CAF7B7 /* drumLoop.caf */; };
		BE4DD4992085F1AE001A95F6 /* ReplayUnit.swift in Sources */ = {isa = PBXBuildFile; fileRef = BE4DD4982085F1AE001A95F6 /* ReplayUnit.swift */; };
		BEA41A872081FB370016FDC2 /* AppDelegate.swift in Sources */ = {isa = PBXBuildFile; fileRef = BEA41A862081FB370016FDC2 /* AppDelegate.swift */; };
		BEA41A892081FB370016FDC2 /* ViewController.swift in Sources */ = {isa = PBXBuildFile; fileRef = BEA41A882081FB370016FDC2 /* ViewController.swift */; };
		BEA41A8C2081FB370016FDC2 /* Main.storyboard in Resources */ = {isa = PBXBuildFile; fileRef = BEA41A8A2081FB370016FDC2 /* Main.storyboard */; };
		BEA41A8E2081FB380016FDC2 /* Assets.xcassets in Resources */ = {isa = PBXBuildFile; fileRef = BEA41A8D2081FB380016FDC2 /* Assets.xcassets */; };
		BEA41A912081FB380016FDC2 /* LaunchScreen.storyboard in Resources */ = {isa = PBXBuildFile; fileRef = BEA41A8F2081FB380016FDC2 /* LaunchScreen.storyboard */; };
		BEA41A9A2081FB5D0016FDC2 /* AVFoundation.framework in Frameworks */ = {isa = PBXBuildFile; fileRef = BEA41A992081FB5D0016FDC2 /* AVFoundation.framework */; };
		BEAC23A8208449E2005C283E /* utilities.swift in Sources */ = {isa = PBXBuildFile; fileRef = BEAC23A7208449E2005C283E /* utilities.swift */; };
		BEAC23AA20844D39005C283E /* TTS.swift in Sources */ = {isa = PBXBuildFile; fileRef = BEAC23A920844D39005C283E /* TTS.swift */; };
		BEAC23AC208451B5005C283E /* BGM.swift in Sources */ = {isa = PBXBuildFile; fileRef = BEAC23AB208451B5005C283E /* BGM.swift */; };
		BEAD327E20885D4400C2ACEC /* constants.swift in Sources */ = {isa = PBXBuildFile; fileRef = BEAD327D20885D4400C2ACEC /* constants.swift */; };
		BEDB129D20847AE40007D4E6 /* SpeechRecognizer.swift in Sources */ = {isa = PBXBuildFile; fileRef = BEDB129C20847AE40007D4E6 /* SpeechRecognizer.swift */; };
/* End PBXBuildFile section */

/* Begin PBXFileReference section */
		BE2533DB2083204200CAF7B7 /* drumLoop.caf */ = {isa = PBXFileReference; lastKnownFileType = file; path = drumLoop.caf; sourceTree = "<group>"; };
		BE4DD4982085F1AE001A95F6 /* ReplayUnit.swift */ = {isa = PBXFileReference; lastKnownFileType = sourcecode.swift; path = ReplayUnit.swift; sourceTree = "<group>"; };
		BEA41A832081FB370016FDC2 /* PlayThrough.app */ = {isa = PBXFileReference; explicitFileType = wrapper.application; includeInIndex = 0; path = PlayThrough.app; sourceTree = BUILT_PRODUCTS_DIR; };
		BEA41A862081FB370016FDC2 /* AppDelegate.swift */ = {isa = PBXFileReference; lastKnownFileType = sourcecode.swift; path = AppDelegate.swift; sourceTree = "<group>"; };
		BEA41A882081FB370016FDC2 /* ViewController.swift */ = {isa = PBXFileReference; lastKnownFileType = sourcecode.swift; path = ViewController.swift; sourceTree = "<group>"; };
		BEA41A8B2081FB370016FDC2 /* Base */ = {isa = PBXFileReference; lastKnownFileType = file.storyboard; name = Base; path = Base.lproj/Main.storyboard; sourceTree = "<group>"; };
		BEA41A8D2081FB380016FDC2 /* Assets.xcassets */ = {isa = PBXFileReference; lastKnownFileType = folder.assetcatalog; path = Assets.xcassets; sourceTree = "<group>"; };
		BEA41A902081FB380016FDC2 /* Base */ = {isa = PBXFileReference; lastKnownFileType = file.storyboard; name = Base; path = Base.lproj/LaunchScreen.storyboard; sourceTree = "<group>"; };
		BEA41A922081FB380016FDC2 /* Info.plist */ = {isa = PBXFileReference; lastKnownFileType = text.plist.xml; path = Info.plist; sourceTree = "<group>"; };
		BEA41A992081FB5D0016FDC2 /* AVFoundation.framework */ = {isa = PBXFileReference; lastKnownFileType = wrapper.framework; name = AVFoundation.framework; path = System/Library/Frameworks/AVFoundation.framework; sourceTree = SDKROOT; };
		BEAC23A7208449E2005C283E /* utilities.swift */ = {isa = PBXFileReference; lastKnownFileType = sourcecode.swift; path = utilities.swift; sourceTree = "<group>"; };
		BEAC23A920844D39005C283E /* TTS.swift */ = {isa = PBXFileReference; lastKnownFileType = sourcecode.swift; path = TTS.swift; sourceTree = "<group>"; };
		BEAC23AB208451B5005C283E /* BGM.swift */ = {isa = PBXFileReference; lastKnownFileType = sourcecode.swift; path = BGM.swift; sourceTree = "<group>"; };
		BEAD327D20885D4400C2ACEC /* constants.swift */ = {isa = PBXFileReference; lastKnownFileType = sourcecode.swift; path = constants.swift; sourceTree = "<group>"; };
		BEDB129C20847AE40007D4E6 /* SpeechRecognizer.swift */ = {isa = PBXFileReference; lastKnownFileType = sourcecode.swift; path = SpeechRecognizer.swift; sourceTree = "<group>"; };
/* End PBXFileReference section */

/* Begin PBXFrameworksBuildPhase section */
		BEA41A802081FB370016FDC2 /* Frameworks */ = {
			isa = PBXFrameworksBuildPhase;
			buildActionMask = 2147483647;
			files = (
				BEA41A9A2081FB5D0016FDC2 /* AVFoundation.framework in Frameworks */,
			);
			runOnlyForDeploymentPostprocessing = 0;
		};
/* End PBXFrameworksBuildPhase section */

/* Begin PBXGroup section */
		BEA41A7A2081FB370016FDC2 = {
			isa = PBXGroup;
			children = (
				BEA41A852081FB370016FDC2 /* PlayThrough */,
				BEA41A842081FB370016FDC2 /* Products */,
				BEA41A982081FB5D0016FDC2 /* Frameworks */,
			);
			sourceTree = "<group>";
		};
		BEA41A842081FB370016FDC2 /* Products */ = {
			isa = PBXGroup;
			children = (
				BEA41A832081FB370016FDC2 /* PlayThrough.app */,
			);
			name = Products;
			sourceTree = "<group>";
		};
		BEA41A852081FB370016FDC2 /* PlayThrough */ = {
			isa = PBXGroup;
			children = (
				BE2533DB2083204200CAF7B7 /* drumLoop.caf */,
				BEA41A862081FB370016FDC2 /* AppDelegate.swift */,
				BEA41A882081FB370016FDC2 /* ViewController.swift */,
				BEAC23A920844D39005C283E /* TTS.swift */,
				BEAC23AB208451B5005C283E /* BGM.swift */,
				BE4DD4982085F1AE001A95F6 /* ReplayUnit.swift */,
				BEAC23A7208449E2005C283E /* utilities.swift */,
				BEAD327D20885D4400C2ACEC /* constants.swift */,
				BEA41A8A2081FB370016FDC2 /* Main.storyboard */,
				BEA41A8D2081FB380016FDC2 /* Assets.xcassets */,
				BEA41A8F2081FB380016FDC2 /* LaunchScreen.storyboard */,
				BEA41A922081FB380016FDC2 /* Info.plist */,
				BEDB129C20847AE40007D4E6 /* SpeechRecognizer.swift */,
			);
			path = PlayThrough;
			sourceTree = "<group>";
		};
		BEA41A982081FB5D0016FDC2 /* Frameworks */ = {
			isa = PBXGroup;
			children = (
				BEA41A992081FB5D0016FDC2 /* AVFoundation.framework */,
			);
			name = Frameworks;
			sourceTree = "<group>";
		};
/* End PBXGroup section */

/* Begin PBXNativeTarget section */
		BEA41A822081FB370016FDC2 /* PlayThrough */ = {
			isa = PBXNativeTarget;
			buildConfigurationList = BEA41A952081FB380016FDC2 /* Build configuration list for PBXNativeTarget "PlayThrough" */;
			buildPhases = (
				BEA41A7F2081FB370016FDC2 /* Sources */,
				BEA41A802081FB370016FDC2 /* Frameworks */,
				BEA41A812081FB370016FDC2 /* Resources */,
			);
			buildRules = (
			);
			dependencies = (
			);
			name = PlayThrough;
			productName = PlayThrough;
			productReference = BEA41A832081FB370016FDC2 /* PlayThrough.app */;
			productType = "com.apple.product-type.application";
		};
/* End PBXNativeTarget section */

/* Begin PBXProject section */
		BEA41A7B2081FB370016FDC2 /* Project object */ = {
			isa = PBXProject;
			attributes = {
				LastSwiftUpdateCheck = 0930;
				LastUpgradeCheck = 0930;
				ORGANIZATIONNAME = "Lu, WangChou";
				TargetAttributes = {
					BEA41A822081FB370016FDC2 = {
						CreatedOnToolsVersion = 9.3;
					};
				};
			};
			buildConfigurationList = BEA41A7E2081FB370016FDC2 /* Build configuration list for PBXProject "PlayThrough" */;
			compatibilityVersion = "Xcode 9.3";
			developmentRegion = en;
			hasScannedForEncodings = 0;
			knownRegions = (
				en,
				Base,
			);
			mainGroup = BEA41A7A2081FB370016FDC2;
			productRefGroup = BEA41A842081FB370016FDC2 /* Products */;
			projectDirPath = "";
			projectRoot = "";
			targets = (
				BEA41A822081FB370016FDC2 /* PlayThrough */,
			);
		};
/* End PBXProject section */

/* Begin PBXResourcesBuildPhase section */
		BEA41A812081FB370016FDC2 /* Resources */ = {
			isa = PBXResourcesBuildPhase;
			buildActionMask = 2147483647;
			files = (
				BEA41A912081FB380016FDC2 /* LaunchScreen.storyboard in Resources */,
				BEA41A8E2081FB380016FDC2 /* Assets.xcassets in Resources */,
				BE2533DC2083204200CAF7B7 /* drumLoop.caf in Resources */,
				BEA41A8C2081FB370016FDC2 /* Main.storyboard in Resources */,
			);
			runOnlyForDeploymentPostprocessing = 0;
		};
/* End PBXResourcesBuildPhase section */

/* Begin PBXSourcesBuildPhase section */
		BEA41A7F2081FB370016FDC2 /* Sources */ = {
			isa = PBXSourcesBuildPhase;
			buildActionMask = 2147483647;
			files = (
				BEAC23A8208449E2005C283E /* utilities.swift in Sources */,
				BEAC23AC208451B5005C283E /* BGM.swift in Sources */,
				BEA41A892081FB370016FDC2 /* ViewController.swift in Sources */,
				BEA41A872081FB370016FDC2 /* AppDelegate.swift in Sources */,
				BEAC23AA20844D39005C283E /* TTS.swift in Sources */,
				BE4DD4992085F1AE001A95F6 /* ReplayUnit.swift in Sources */,
				BEDB129D20847AE40007D4E6 /* SpeechRecognizer.swift in Sources */,
				BEAD327E20885D4400C2ACEC /* constants.swift in Sources */,
			);
			runOnlyForDeploymentPostprocessing = 0;
		};
/* End PBXSourcesBuildPhase section */

/* Begin PBXVariantGroup section */
		BEA41A8A2081FB370016FDC2 /* Main.storyboard */ = {
			isa = PBXVariantGroup;
			children = (
				BEA41A8B2081FB370016FDC2 /* Base */,
			);
			name = Main.storyboard;
			sourceTree = "<group>";
		};
		BEA41A8F2081FB380016FDC2 /* LaunchScreen.storyboard */ = {
			isa = PBXVariantGroup;
			children = (
				BEA41A902081FB380016FDC2 /* Base */,
			);
			name = LaunchScreen.storyboard;
			sourceTree = "<group>";
		};
/* End PBXVariantGroup section */

/* Begin XCBuildConfiguration section */
		BEA41A932081FB380016FDC2 /* Debug */ = {
			isa = XCBuildConfiguration;
			buildSettings = {
				ALWAYS_SEARCH_USER_PATHS = NO;
				CLANG_ANALYZER_NONNULL = YES;
				CLANG_ANALYZER_NUMBER_OBJECT_CONVERSION = YES_AGGRESSIVE;
				CLANG_CXX_LANGUAGE_STANDARD = "gnu++14";
				CLANG_CXX_LIBRARY = "libc++";
				CLANG_ENABLE_MODULES = YES;
				CLANG_ENABLE_OBJC_ARC = YES;
				CLANG_ENABLE_OBJC_WEAK = YES;
				CLANG_WARN_BLOCK_CAPTURE_AUTORELEASING = YES;
				CLANG_WARN_BOOL_CONVERSION = YES;
				CLANG_WARN_COMMA = YES;
				CLANG_WARN_CONSTANT_CONVERSION = YES;
				CLANG_WARN_DEPRECATED_OBJC_IMPLEMENTATIONS = YES;
				CLANG_WARN_DIRECT_OBJC_ISA_USAGE = YES_ERROR;
				CLANG_WARN_DOCUMENTATION_COMMENTS = YES;
				CLANG_WARN_EMPTY_BODY = YES;
				CLANG_WARN_ENUM_CONVERSION = YES;
				CLANG_WARN_INFINITE_RECURSION = YES;
				CLANG_WARN_INT_CONVERSION = YES;
				CLANG_WARN_NON_LITERAL_NULL_CONVERSION = YES;
				CLANG_WARN_OBJC_IMPLICIT_RETAIN_SELF = YES;
				CLANG_WARN_OBJC_LITERAL_CONVERSION = YES;
				CLANG_WARN_OBJC_ROOT_CLASS = YES_ERROR;
				CLANG_WARN_RANGE_LOOP_ANALYSIS = YES;
				CLANG_WARN_STRICT_PROTOTYPES = YES;
				CLANG_WARN_SUSPICIOUS_MOVE = YES;
				CLANG_WARN_UNGUARDED_AVAILABILITY = YES_AGGRESSIVE;
				CLANG_WARN_UNREACHABLE_CODE = YES;
				CLANG_WARN__DUPLICATE_METHOD_MATCH = YES;
				CODE_SIGN_IDENTITY = "iPhone Developer";
				COPY_PHASE_STRIP = NO;
				DEBUG_INFORMATION_FORMAT = dwarf;
				ENABLE_STRICT_OBJC_MSGSEND = YES;
				ENABLE_TESTABILITY = YES;
				GCC_C_LANGUAGE_STANDARD = gnu11;
				GCC_DYNAMIC_NO_PIC = NO;
				GCC_NO_COMMON_BLOCKS = YES;
				GCC_OPTIMIZATION_LEVEL = 0;
				GCC_PREPROCESSOR_DEFINITIONS = (
					"DEBUG=1",
					"$(inherited)",
				);
				GCC_WARN_64_TO_32_BIT_CONVERSION = YES;
				GCC_WARN_ABOUT_RETURN_TYPE = YES_ERROR;
				GCC_WARN_UNDECLARED_SELECTOR = YES;
				GCC_WARN_UNINITIALIZED_AUTOS = YES_AGGRESSIVE;
				GCC_WARN_UNUSED_FUNCTION = YES;
				GCC_WARN_UNUSED_VARIABLE = YES;
				IPHONEOS_DEPLOYMENT_TARGET = 11.3;
				MTL_ENABLE_DEBUG_INFO = YES;
				ONLY_ACTIVE_ARCH = YES;
				SDKROOT = iphoneos;
				SWIFT_ACTIVE_COMPILATION_CONDITIONS = DEBUG;
				SWIFT_OPTIMIZATION_LEVEL = "-Onone";
			};
			name = Debug;
		};
		BEA41A942081FB380016FDC2 /* Release */ = {
			isa = XCBuildConfiguration;
			buildSettings = {
				ALWAYS_SEARCH_USER_PATHS = NO;
				CLANG_ANALYZER_NONNULL = YES;
				CLANG_ANALYZER_NUMBER_OBJECT_CONVERSION = YES_AGGRESSIVE;
				CLANG_CXX_LANGUAGE_STANDARD = "gnu++14";
				CLANG_CXX_LIBRARY = "libc++";
				CLANG_ENABLE_MODULES = YES;
				CLANG_ENABLE_OBJC_ARC = YES;
				CLANG_ENABLE_OBJC_WEAK = YES;
				CLANG_WARN_BLOCK_CAPTURE_AUTORELEASING = YES;
				CLANG_WARN_BOOL_CONVERSION = YES;
				CLANG_WARN_COMMA = YES;
				CLANG_WARN_CONSTANT_CONVERSION = YES;
				CLANG_WARN_DEPRECATED_OBJC_IMPLEMENTATIONS = YES;
				CLANG_WARN_DIRECT_OBJC_ISA_USAGE = YES_ERROR;
				CLANG_WARN_DOCUMENTATION_COMMENTS = YES;
				CLANG_WARN_EMPTY_BODY = YES;
				CLANG_WARN_ENUM_CONVERSION = YES;
				CLANG_WARN_INFINITE_RECURSION = YES;
				CLANG_WARN_INT_CONVERSION = YES;
				CLANG_WARN_NON_LITERAL_NULL_CONVERSION = YES;
				CLANG_WARN_OBJC_IMPLICIT_RETAIN_SELF = YES;
				CLANG_WARN_OBJC_LITERAL_CONVERSION = YES;
				CLANG_WARN_OBJC_ROOT_CLASS = YES_ERROR;
				CLANG_WARN_RANGE_LOOP_ANALYSIS = YES;
				CLANG_WARN_STRICT_PROTOTYPES = YES;
				CLANG_WARN_SUSPICIOUS_MOVE = YES;
				CLANG_WARN_UNGUARDED_AVAILABILITY = YES_AGGRESSIVE;
				CLANG_WARN_UNREACHABLE_CODE = YES;
				CLANG_WARN__DUPLICATE_METHOD_MATCH = YES;
				CODE_SIGN_IDENTITY = "iPhone Developer";
				COPY_PHASE_STRIP = NO;
				DEBUG_INFORMATION_FORMAT = "dwarf-with-dsym";
				ENABLE_NS_ASSERTIONS = NO;
				ENABLE_STRICT_OBJC_MSGSEND = YES;
				GCC_C_LANGUAGE_STANDARD = gnu11;
				GCC_NO_COMMON_BLOCKS = YES;
				GCC_WARN_64_TO_32_BIT_CONVERSION = YES;
				GCC_WARN_ABOUT_RETURN_TYPE = YES_ERROR;
				GCC_WARN_UNDECLARED_SELECTOR = YES;
				GCC_WARN_UNINITIALIZED_AUTOS = YES_AGGRESSIVE;
				GCC_WARN_UNUSED_FUNCTION = YES;
				GCC_WARN_UNUSED_VARIABLE = YES;
				IPHONEOS_DEPLOYMENT_TARGET = 11.3;
				MTL_ENABLE_DEBUG_INFO = NO;
				SDKROOT = iphoneos;
				SWIFT_COMPILATION_MODE = wholemodule;
				SWIFT_OPTIMIZATION_LEVEL = "-O";
				VALIDATE_PRODUCT = YES;
			};
			name = Release;
		};
		BEA41A962081FB380016FDC2 /* Debug */ = {
			isa = XCBuildConfiguration;
			buildSettings = {
				ASSETCATALOG_COMPILER_APPICON_NAME = AppIcon;
				CODE_SIGN_STYLE = Automatic;
				DEVELOPMENT_TEAM = ETE87474CU;
				INFOPLIST_FILE = PlayThrough/Info.plist;
				LD_RUNPATH_SEARCH_PATHS = (
					"$(inherited)",
					"@executable_path/Frameworks",
				);
				PRODUCT_BUNDLE_IDENTIFIER = idv.wcl.PlayThrough;
				PRODUCT_NAME = "$(TARGET_NAME)";
				SWIFT_VERSION = 4.0;
				TARGETED_DEVICE_FAMILY = "1,2";
			};
			name = Debug;
		};
		BEA41A972081FB380016FDC2 /* Release */ = {
			isa = XCBuildConfiguration;
			buildSettings = {
				ASSETCATALOG_COMPILER_APPICON_NAME = AppIcon;
				CODE_SIGN_STYLE = Automatic;
				DEVELOPMENT_TEAM = ETE87474CU;
				INFOPLIST_FILE = PlayThrough/Info.plist;
				LD_RUNPATH_SEARCH_PATHS = (
					"$(inherited)",
					"@executable_path/Frameworks",
				);
				PRODUCT_BUNDLE_IDENTIFIER = idv.wcl.PlayThrough;
				PRODUCT_NAME = "$(TARGET_NAME)";
				SWIFT_VERSION = 4.0;
				TARGETED_DEVICE_FAMILY = "1,2";
			};
			name = Release;
		};
/* End XCBuildConfiguration section */

/* Begin XCConfigurationList section */
		BEA41A7E2081FB370016FDC2 /* Build configuration list for PBXProject "PlayThrough" */ = {
			isa = XCConfigurationList;
			buildConfigurations = (
				BEA41A932081FB380016FDC2 /* Debug */,
				BEA41A942081FB380016FDC2 /* Release */,
			);
			defaultConfigurationIsVisible = 0;
			defaultConfigurationName = Release;
		};
		BEA41A952081FB380016FDC2 /* Build configuration list for PBXNativeTarget "PlayThrough" */ = {
			isa = XCConfigurationList;
			buildConfigurations = (
				BEA41A962081FB380016FDC2 /* Debug */,
				BEA41A972081FB380016FDC2 /* Release */,
			);
			defaultConfigurationIsVisible = 0;
			defaultConfigurationName = Release;
		};
/* End XCConfigurationList section */
	};
	rootObject = BEA41A7B2081FB370016FDC2 /* Project object */;
}
