// !$*UTF8*$!
{
	archiveVersion = 1;
	classes = {
	};
	objectVersion = 50;
	objects = {

/* Begin PBXBuildFile section */
		BE687A06228BBCC4006563DF /* main.swift in Sources */ = {isa = PBXBuildFile; fileRef = BE687A05228BBCC4006563DF /* main.swift */; };
		BE687A0D228C3F8C006563DF /* String+Variations.swift in Sources */ = {isa = PBXBuildFile; fileRef = BE687A0C228C3F8C006563DF /* String+Variations.swift */; };
		BE687A11228D45BC006563DF /* DifficultyCalculator.swift in Sources */ = {isa = PBXBuildFile; fileRef = BE687A10228D45BC006563DF /* DifficultyCalculator.swift */; };
		BEC680D7228E6F8400C2A145 /* thisProjectOnly.swift in Sources */ = {isa = PBXBuildFile; fileRef = BEC680D6228E6F8400C2A145 /* thisProjectOnly.swift */; };
/* End PBXBuildFile section */

/* Begin PBXCopyFilesBuildPhase section */
		BE687A00228BBCC4006563DF /* CopyFiles */ = {
			isa = PBXCopyFilesBuildPhase;
			buildActionMask = 2147483647;
			dstPath = /usr/share/man/man1/;
			dstSubfolderSpec = 0;
			files = (
			);
			runOnlyForDeploymentPostprocessing = 1;
		};
/* End PBXCopyFilesBuildPhase section */

/* Begin PBXFileReference section */
		BE687A02228BBCC4006563DF /* processVOC */ = {isa = PBXFileReference; explicitFileType = "compiled.mach-o.executable"; includeInIndex = 0; path = processVOC; sourceTree = BUILT_PRODUCTS_DIR; };
		BE687A05228BBCC4006563DF /* main.swift */ = {isa = PBXFileReference; lastKnownFileType = sourcecode.swift; path = main.swift; sourceTree = "<group>"; };
		BE687A0C228C3F8C006563DF /* String+Variations.swift */ = {isa = PBXFileReference; lastKnownFileType = sourcecode.swift; path = "String+Variations.swift"; sourceTree = "<group>"; };
		BE687A10228D45BC006563DF /* DifficultyCalculator.swift */ = {isa = PBXFileReference; lastKnownFileType = sourcecode.swift; path = DifficultyCalculator.swift; sourceTree = "<group>"; };
		BEC680CD228E6F3500C2A145 /* level8 */ = {isa = PBXFileReference; fileEncoding = 4; lastKnownFileType = text; name = level8; path = ../../level8; sourceTree = "<group>"; };
		BEC680CE228E6F3500C2A145 /* level1 */ = {isa = PBXFileReference; fileEncoding = 4; lastKnownFileType = text; name = level1; path = ../../level1; sourceTree = "<group>"; };
		BEC680CF228E6F3500C2A145 /* level5 */ = {isa = PBXFileReference; fileEncoding = 4; lastKnownFileType = text; name = level5; path = ../../level5; sourceTree = "<group>"; };
		BEC680D0228E6F3500C2A145 /* level2 */ = {isa = PBXFileReference; fileEncoding = 4; lastKnownFileType = text; name = level2; path = ../../level2; sourceTree = "<group>"; };
		BEC680D1228E6F3500C2A145 /* level0 */ = {isa = PBXFileReference; fileEncoding = 4; lastKnownFileType = text; name = level0; path = ../../level0; sourceTree = "<group>"; };
		BEC680D2228E6F3500C2A145 /* level6 */ = {isa = PBXFileReference; fileEncoding = 4; lastKnownFileType = text; name = level6; path = ../../level6; sourceTree = "<group>"; };
		BEC680D3228E6F3500C2A145 /* level7 */ = {isa = PBXFileReference; fileEncoding = 4; lastKnownFileType = text; name = level7; path = ../../level7; sourceTree = "<group>"; };
		BEC680D4228E6F3500C2A145 /* level3 */ = {isa = PBXFileReference; fileEncoding = 4; lastKnownFileType = text; name = level3; path = ../../level3; sourceTree = "<group>"; };
		BEC680D5228E6F3500C2A145 /* level4 */ = {isa = PBXFileReference; fileEncoding = 4; lastKnownFileType = text; name = level4; path = ../../level4; sourceTree = "<group>"; };
		BEC680D6228E6F8400C2A145 /* thisProjectOnly.swift */ = {isa = PBXFileReference; lastKnownFileType = sourcecode.swift; path = thisProjectOnly.swift; sourceTree = "<group>"; };
/* End PBXFileReference section */

/* Begin PBXFrameworksBuildPhase section */
		BE6879FF228BBCC4006563DF /* Frameworks */ = {
			isa = PBXFrameworksBuildPhase;
			buildActionMask = 2147483647;
			files = (
			);
			runOnlyForDeploymentPostprocessing = 0;
		};
/* End PBXFrameworksBuildPhase section */

/* Begin PBXGroup section */
		BE6879F9228BBCC4006563DF = {
			isa = PBXGroup;
			children = (
				BE687A04228BBCC4006563DF /* processVOC */,
				BE687A03228BBCC4006563DF /* Products */,
			);
			sourceTree = "<group>";
		};
		BE687A03228BBCC4006563DF /* Products */ = {
			isa = PBXGroup;
			children = (
				BE687A02228BBCC4006563DF /* processVOC */,
			);
			name = Products;
			sourceTree = "<group>";
		};
		BE687A04228BBCC4006563DF /* processVOC */ = {
			isa = PBXGroup;
			children = (
				BEC680D1228E6F3500C2A145 /* level0 */,
				BEC680CE228E6F3500C2A145 /* level1 */,
				BEC680D0228E6F3500C2A145 /* level2 */,
				BEC680D4228E6F3500C2A145 /* level3 */,
				BEC680D5228E6F3500C2A145 /* level4 */,
				BEC680CF228E6F3500C2A145 /* level5 */,
				BEC680D2228E6F3500C2A145 /* level6 */,
				BEC680D3228E6F3500C2A145 /* level7 */,
				BEC680CD228E6F3500C2A145 /* level8 */,
				BE687A05228BBCC4006563DF /* main.swift */,
				BE687A0C228C3F8C006563DF /* String+Variations.swift */,
				BE687A10228D45BC006563DF /* DifficultyCalculator.swift */,
				BEC680D6228E6F8400C2A145 /* thisProjectOnly.swift */,
			);
			path = processVOC;
			sourceTree = "<group>";
		};
/* End PBXGroup section */

/* Begin PBXNativeTarget section */
		BE687A01228BBCC4006563DF /* processVOC */ = {
			isa = PBXNativeTarget;
			buildConfigurationList = BE687A09228BBCC4006563DF /* Build configuration list for PBXNativeTarget "processVOC" */;
			buildPhases = (
				BE6879FE228BBCC4006563DF /* Sources */,
				BE6879FF228BBCC4006563DF /* Frameworks */,
				BE687A00228BBCC4006563DF /* CopyFiles */,
			);
			buildRules = (
			);
			dependencies = (
			);
			name = processVOC;
			productName = processVOC;
			productReference = BE687A02228BBCC4006563DF /* processVOC */;
			productType = "com.apple.product-type.tool";
		};
/* End PBXNativeTarget section */

/* Begin PBXProject section */
		BE6879FA228BBCC4006563DF /* Project object */ = {
			isa = PBXProject;
			attributes = {
				LastSwiftUpdateCheck = 1020;
				LastUpgradeCheck = 1020;
				ORGANIZATIONNAME = "Lu, WangChou";
				TargetAttributes = {
					BE687A01228BBCC4006563DF = {
						CreatedOnToolsVersion = 10.2.1;
					};
				};
			};
			buildConfigurationList = BE6879FD228BBCC4006563DF /* Build configuration list for PBXProject "processVOC" */;
			compatibilityVersion = "Xcode 9.3";
			developmentRegion = en;
			hasScannedForEncodings = 0;
			knownRegions = (
				en,
			);
			mainGroup = BE6879F9228BBCC4006563DF;
			productRefGroup = BE687A03228BBCC4006563DF /* Products */;
			projectDirPath = "";
			projectRoot = "";
			targets = (
				BE687A01228BBCC4006563DF /* processVOC */,
			);
		};
/* End PBXProject section */

/* Begin PBXSourcesBuildPhase section */
		BE6879FE228BBCC4006563DF /* Sources */ = {
			isa = PBXSourcesBuildPhase;
			buildActionMask = 2147483647;
			files = (
				BE687A0D228C3F8C006563DF /* String+Variations.swift in Sources */,
				BEC680D7228E6F8400C2A145 /* thisProjectOnly.swift in Sources */,
				BE687A11228D45BC006563DF /* DifficultyCalculator.swift in Sources */,
				BE687A06228BBCC4006563DF /* main.swift in Sources */,
			);
			runOnlyForDeploymentPostprocessing = 0;
		};
/* End PBXSourcesBuildPhase section */

/* Begin XCBuildConfiguration section */
		BE687A07228BBCC4006563DF /* Debug */ = {
			isa = XCBuildConfiguration;
			buildSettings = {
				ALWAYS_SEARCH_USER_PATHS = NO;
				CLANG_ANALYZER_NONNULL = YES;
				CLANG_ANALYZER_NUMBER_OBJECT_CONVERSION = YES_AGGRESSIVE;
				CLANG_CXX_LANGUAGE_STANDARD = "gnu++14";
				CLANG_CXX_LIBRARY = "libc++";
				CLANG_ENABLE_MODULES = YES;
				CLANG_ENABLE_OBJC_ARC = YES;
				CLANG_ENABLE_OBJC_WEAK = YES;
				CLANG_WARN_BLOCK_CAPTURE_AUTORELEASING = YES;
				CLANG_WARN_BOOL_CONVERSION = YES;
				CLANG_WARN_COMMA = YES;
				CLANG_WARN_CONSTANT_CONVERSION = YES;
				CLANG_WARN_DEPRECATED_OBJC_IMPLEMENTATIONS = YES;
				CLANG_WARN_DIRECT_OBJC_ISA_USAGE = YES_ERROR;
				CLANG_WARN_DOCUMENTATION_COMMENTS = YES;
				CLANG_WARN_EMPTY_BODY = YES;
				CLANG_WARN_ENUM_CONVERSION = YES;
				CLANG_WARN_INFINITE_RECURSION = YES;
				CLANG_WARN_INT_CONVERSION = YES;
				CLANG_WARN_NON_LITERAL_NULL_CONVERSION = YES;
				CLANG_WARN_OBJC_IMPLICIT_RETAIN_SELF = YES;
				CLANG_WARN_OBJC_LITERAL_CONVERSION = YES;
				CLANG_WARN_OBJC_ROOT_CLASS = YES_ERROR;
				CLANG_WARN_RANGE_LOOP_ANALYSIS = YES;
				CLANG_WARN_STRICT_PROTOTYPES = YES;
				CLANG_WARN_SUSPICIOUS_MOVE = YES;
				CLANG_WARN_UNGUARDED_AVAILABILITY = YES_AGGRESSIVE;
				CLANG_WARN_UNREACHABLE_CODE = YES;
				CLANG_WARN__DUPLICATE_METHOD_MATCH = YES;
				CODE_SIGN_IDENTITY = "Mac Developer";
				COPY_PHASE_STRIP = NO;
				DEBUG_INFORMATION_FORMAT = dwarf;
				ENABLE_STRICT_OBJC_MSGSEND = YES;
				ENABLE_TESTABILITY = YES;
				GCC_C_LANGUAGE_STANDARD = gnu11;
				GCC_DYNAMIC_NO_PIC = NO;
				GCC_NO_COMMON_BLOCKS = YES;
				GCC_OPTIMIZATION_LEVEL = 0;
				GCC_PREPROCESSOR_DEFINITIONS = (
					"DEBUG=1",
					"$(inherited)",
				);
				GCC_WARN_64_TO_32_BIT_CONVERSION = YES;
				GCC_WARN_ABOUT_RETURN_TYPE = YES_ERROR;
				GCC_WARN_UNDECLARED_SELECTOR = YES;
				GCC_WARN_UNINITIALIZED_AUTOS = YES_AGGRESSIVE;
				GCC_WARN_UNUSED_FUNCTION = YES;
				GCC_WARN_UNUSED_VARIABLE = YES;
				MACOSX_DEPLOYMENT_TARGET = 10.14;
				MTL_ENABLE_DEBUG_INFO = INCLUDE_SOURCE;
				MTL_FAST_MATH = YES;
				ONLY_ACTIVE_ARCH = YES;
				SDKROOT = macosx;
				SWIFT_ACTIVE_COMPILATION_CONDITIONS = DEBUG;
				SWIFT_OPTIMIZATION_LEVEL = "-Onone";
			};
			name = Debug;
		};
		BE687A08228BBCC4006563DF /* Release */ = {
			isa = XCBuildConfiguration;
			buildSettings = {
				ALWAYS_SEARCH_USER_PATHS = NO;
				CLANG_ANALYZER_NONNULL = YES;
				CLANG_ANALYZER_NUMBER_OBJECT_CONVERSION = YES_AGGRESSIVE;
				CLANG_CXX_LANGUAGE_STANDARD = "gnu++14";
				CLANG_CXX_LIBRARY = "libc++";
				CLANG_ENABLE_MODULES = YES;
				CLANG_ENABLE_OBJC_ARC = YES;
				CLANG_ENABLE_OBJC_WEAK = YES;
				CLANG_WARN_BLOCK_CAPTURE_AUTORELEASING = YES;
				CLANG_WARN_BOOL_CONVERSION = YES;
				CLANG_WARN_COMMA = YES;
				CLANG_WARN_CONSTANT_CONVERSION = YES;
				CLANG_WARN_DEPRECATED_OBJC_IMPLEMENTATIONS = YES;
				CLANG_WARN_DIRECT_OBJC_ISA_USAGE = YES_ERROR;
				CLANG_WARN_DOCUMENTATION_COMMENTS = YES;
				CLANG_WARN_EMPTY_BODY = YES;
				CLANG_WARN_ENUM_CONVERSION = YES;
				CLANG_WARN_INFINITE_RECURSION = YES;
				CLANG_WARN_INT_CONVERSION = YES;
				CLANG_WARN_NON_LITERAL_NULL_CONVERSION = YES;
				CLANG_WARN_OBJC_IMPLICIT_RETAIN_SELF = YES;
				CLANG_WARN_OBJC_LITERAL_CONVERSION = YES;
				CLANG_WARN_OBJC_ROOT_CLASS = YES_ERROR;
				CLANG_WARN_RANGE_LOOP_ANALYSIS = YES;
				CLANG_WARN_STRICT_PROTOTYPES = YES;
				CLANG_WARN_SUSPICIOUS_MOVE = YES;
				CLANG_WARN_UNGUARDED_AVAILABILITY = YES_AGGRESSIVE;
				CLANG_WARN_UNREACHABLE_CODE = YES;
				CLANG_WARN__DUPLICATE_METHOD_MATCH = YES;
				CODE_SIGN_IDENTITY = "Mac Developer";
				COPY_PHASE_STRIP = NO;
				DEBUG_INFORMATION_FORMAT = "dwarf-with-dsym";
				ENABLE_NS_ASSERTIONS = NO;
				ENABLE_STRICT_OBJC_MSGSEND = YES;
				GCC_C_LANGUAGE_STANDARD = gnu11;
				GCC_NO_COMMON_BLOCKS = YES;
				GCC_WARN_64_TO_32_BIT_CONVERSION = YES;
				GCC_WARN_ABOUT_RETURN_TYPE = YES_ERROR;
				GCC_WARN_UNDECLARED_SELECTOR = YES;
				GCC_WARN_UNINITIALIZED_AUTOS = YES_AGGRESSIVE;
				GCC_WARN_UNUSED_FUNCTION = YES;
				GCC_WARN_UNUSED_VARIABLE = YES;
				MACOSX_DEPLOYMENT_TARGET = 10.14;
				MTL_ENABLE_DEBUG_INFO = NO;
				MTL_FAST_MATH = YES;
				SDKROOT = macosx;
				SWIFT_COMPILATION_MODE = wholemodule;
				SWIFT_OPTIMIZATION_LEVEL = "-O";
			};
			name = Release;
		};
		BE687A0A228BBCC4006563DF /* Debug */ = {
			isa = XCBuildConfiguration;
			buildSettings = {
				CODE_SIGN_STYLE = Automatic;
				DEVELOPMENT_TEAM = ETE87474CU;
				PRODUCT_NAME = "$(TARGET_NAME)";
				SWIFT_VERSION = 5.0;
			};
			name = Debug;
		};
		BE687A0B228BBCC4006563DF /* Release */ = {
			isa = XCBuildConfiguration;
			buildSettings = {
				CODE_SIGN_STYLE = Automatic;
				DEVELOPMENT_TEAM = ETE87474CU;
				PRODUCT_NAME = "$(TARGET_NAME)";
				SWIFT_VERSION = 5.0;
			};
			name = Release;
		};
/* End XCBuildConfiguration section */

/* Begin XCConfigurationList section */
		BE6879FD228BBCC4006563DF /* Build configuration list for PBXProject "processVOC" */ = {
			isa = XCConfigurationList;
			buildConfigurations = (
				BE687A07228BBCC4006563DF /* Debug */,
				BE687A08228BBCC4006563DF /* Release */,
			);
			defaultConfigurationIsVisible = 0;
			defaultConfigurationName = Release;
		};
		BE687A09228BBCC4006563DF /* Build configuration list for PBXNativeTarget "processVOC" */ = {
			isa = XCConfigurationList;
			buildConfigurations = (
				BE687A0A228BBCC4006563DF /* Debug */,
				BE687A0B228BBCC4006563DF /* Release */,
			);
			defaultConfigurationIsVisible = 0;
			defaultConfigurationName = Release;
		};
/* End XCConfigurationList section */
	};
	rootObject = BE6879FA228BBCC4006563DF /* Project object */;
}
