{
  "name": "prototype",
  "version": "1.0.0",
  "lockfileVersion": 1,
  "requires": true,
  "dependencies": {
    "js-levenshtein": {
      "version": "1.1.3",
      "resolved": "https://registry.npmjs.org/js-levenshtein/-/js-levenshtein-1.1.3.tgz",
      "integrity": "sha512-/812MXr9RBtMObviZ8gQBhHO8MOrGj8HlEE+4ccMTElNA/6I3u39u+bhny55Lk921yn44nSZFy9naNLElL5wgQ=="
    }
  }
}
